
Microsoft Visual Studio Solution File, Format Version 12.00
# Visual Studio Version 17
VisualStudioVersion = 17.3.32929.385
MinimumVisualStudioVersion = 10.0.40219.1
Project("{FAE04EC0-301F-11D3-BF4B-00C04F79EFBC}") = "EyesOnMeCore", "EyesOnMeCore\EyesOnMeCore.csproj", "{528412B4-4727-4FCC-B1A5-BA9E897FE120}"
EndProject
Global
	GlobalSection(SolutionConfigurationPlatforms) = preSolution
		Debug|Any CPU = Debug|Any CPU
		Release|Any CPU = Release|Any CPU
	EndGlobalSection
	GlobalSection(ProjectConfigurationPlatforms) = postSolution
		{528412B4-4727-4FCC-B1A5-BA9E897FE120}.Debug|Any CPU.ActiveCfg = Debug|Any CPU
		{528412B4-4727-4FCC-B1A5-BA9E897FE120}.Debug|Any CPU.Build.0 = Debug|Any CPU
		{528412B4-4727-4FCC-B1A5-BA9E897FE120}.Release|Any CPU.ActiveCfg = Release|Any CPU
		{528412B4-4727-4FCC-B1A5-BA9E897FE120}.Release|Any CPU.Build.0 = Release|Any CPU
	EndGlobalSection
	GlobalSection(SolutionProperties) = preSolution
		HideSolutionNode = FALSE
	EndGlobalSection
	GlobalSection(ExtensibilityGlobals) = postSolution
		SolutionGuid = {A4616F1E-0716-4D0E-B916-3FBCF5B46F69}
	EndGlobalSection
EndGlobal
